
Microsoft Visual Studio Solution File, Format Version 12.00
# Visual Studio Version 16
VisualStudioVersion = 16.0.29709.97
MinimumVisualStudioVersion = 10.0.40219.1
Project("{9A19103F-16F7-4668-BE54-9A1E7A4F7556}") = "Webservices", "Webservices\Webservices.csproj", "{C5CA2704-4B6B-4B37-B1E2-269D5E9D22DC}"
EndProject
Project("{FAE04EC0-301F-11D3-BF4B-00C04F79EFBC}") = "Webservices.Test", "Webservices.Test\Webservices.Test.csproj", "{287B5641-BD96-4A69-A60F-24E0BC7635F2}"
EndProject
Global
	GlobalSection(SolutionConfigurationPlatforms) = preSolution
		Debug|Any CPU = Debug|Any CPU
		Release|Any CPU = Release|Any CPU
	EndGlobalSection
	GlobalSection(ProjectConfigurationPlatforms) = postSolution
		{C5CA2704-4B6B-4B37-B1E2-269D5E9D22DC}.Debug|Any CPU.ActiveCfg = Debug|Any CPU
		{C5CA2704-4B6B-4B37-B1E2-269D5E9D22DC}.Debug|Any CPU.Build.0 = Debug|Any CPU
		{C5CA2704-4B6B-4B37-B1E2-269D5E9D22DC}.Release|Any CPU.ActiveCfg = Release|Any CPU
		{C5CA2704-4B6B-4B37-B1E2-269D5E9D22DC}.Release|Any CPU.Build.0 = Release|Any CPU
		{287B5641-BD96-4A69-A60F-24E0BC7635F2}.Debug|Any CPU.ActiveCfg = Debug|Any CPU
		{287B5641-BD96-4A69-A60F-24E0BC7635F2}.Debug|Any CPU.Build.0 = Debug|Any CPU
		{287B5641-BD96-4A69-A60F-24E0BC7635F2}.Release|Any CPU.ActiveCfg = Release|Any CPU
		{287B5641-BD96-4A69-A60F-24E0BC7635F2}.Release|Any CPU.Build.0 = Release|Any CPU
	EndGlobalSection
	GlobalSection(SolutionProperties) = preSolution
		HideSolutionNode = FALSE
	EndGlobalSection
	GlobalSection(ExtensibilityGlobals) = postSolution
		SolutionGuid = {F601364E-26BC-40A1-9CA7-FFE98C926175}
	EndGlobalSection
EndGlobal
